PODS:
  - Flutter (1.0.0)
  - flutter_contacts (0.0.1):
    - Flutter
  - flutter_foreground_task (0.0.1):
    - Flutter
  - fluttertoast (0.0.2):
    - Flutter
  - HandyJSON (5.0.4-beta)
  - moyoung_ble_plugin (1.0.79):
    - Flutter
    - HandyJSON
  - path_provider_foundation (0.0.1):
    - Flutter
    - FlutterMacOS
  - permission_handler_apple (9.3.0):
    - Flutter
  - shared_preferences_foundation (0.0.1):
    - Flutter
    - FlutterMacOS

DEPENDENCIES:
  - Flutter (from `Flutter`)
  - flutter_contacts (from `.symlinks/plugins/flutter_contacts/ios`)
  - flutter_foreground_task (from `.symlinks/plugins/flutter_foreground_task/ios`)
  - fluttertoast (from `.symlinks/plugins/fluttertoast/ios`)
  - HandyJSON (from `https://github.com/Miles-Matheson/HandyJSON.git`)
  - moyoung_ble_plugin (from `.symlinks/plugins/moyoung_ble_plugin/ios`)
  - path_provider_foundation (from `.symlinks/plugins/path_provider_foundation/darwin`)
  - permission_handler_apple (from `.symlinks/plugins/permission_handler_apple/ios`)
  - shared_preferences_foundation (from `.symlinks/plugins/shared_preferences_foundation/darwin`)

EXTERNAL SOURCES:
  Flutter:
    :path: Flutter
  flutter_contacts:
    :path: ".symlinks/plugins/flutter_contacts/ios"
  flutter_foreground_task:
    :path: ".symlinks/plugins/flutter_foreground_task/ios"
  fluttertoast:
    :path: ".symlinks/plugins/fluttertoast/ios"
  HandyJSON:
    :git: https://github.com/Miles-Matheson/HandyJSON.git
  moyoung_ble_plugin:
    :path: ".symlinks/plugins/moyoung_ble_plugin/ios"
  path_provider_foundation:
    :path: ".symlinks/plugins/path_provider_foundation/darwin"
  permission_handler_apple:
    :path: ".symlinks/plugins/permission_handler_apple/ios"
  shared_preferences_foundation:
    :path: ".symlinks/plugins/shared_preferences_foundation/darwin"

CHECKOUT OPTIONS:
  HandyJSON:
    :commit: de8a7126d2270da55cea3cb45dadffcfd002dbbe
    :git: https://github.com/Miles-Matheson/HandyJSON.git

SPEC CHECKSUMS:
  Flutter: e0871f40cf51350855a761d2e70bf5af5b9b5de7
  flutter_contacts: edb1c5ce76aa433e20e6cb14c615f4c0b66e0983
  flutter_foreground_task: 21ef182ab0a29a3005cc72cd70e5f45cb7f7f817
  fluttertoast: 21eecd6935e7064cc1fcb733a4c5a428f3f24f0f
  HandyJSON: a9c67202df97805a0ba4a00e30b50e9a30ac28f3
  moyoung_ble_plugin: ab6378c21dc9335e73d247b4c9a91e90094926a4
  path_provider_foundation: 2b6b4c569c0fb62ec74538f866245ac84301af46
  permission_handler_apple: 9878588469a2b0d0fc1e048d9f43605f92e6cec2
  shared_preferences_foundation: 5b919d13b803cadd15ed2dc053125c68730e5126

PODFILE CHECKSUM: 07b328e1b405bd997ca850de58e10ee65915ae30

COCOAPODS: 1.15.2
