PODS:
  - Flutter (1.0.0)
  - flutter_contacts (0.0.1):
    - Flutter
  - flutter_foreground_task (0.0.1):
    - Flutter
  - fluttertoast (0.0.2):
    - Flutter
  - HandyJSON (5.0.4-beta)
  - moyoung_ble_plugin (1.0.79):
    - Flutter
    - HandyJSON
    - MoyoungSharedFrameworks
  - MoyoungSharedFrameworks (1.0.0)
  - path_provider_foundation (0.0.1):
    - Flutter
    - FlutterMacOS
  - permission_handler_apple (9.3.0):
    - Flutter
  - shared_preferences_foundation (0.0.1):
    - Flutter
    - FlutterMacOS

DEPENDENCIES:
  - Flutter (from `Flutter`)
  - flutter_contacts (from `.symlinks/plugins/flutter_contacts/ios`)
  - flutter_foreground_task (from `.symlinks/plugins/flutter_foreground_task/ios`)
  - fluttertoast (from `.symlinks/plugins/fluttertoast/ios`)
  - HandyJSON (from `https://github.com/Miles-Matheson/HandyJSON.git`)
  - moyoung_ble_plugin (from `.symlinks/plugins/moyoung_ble_plugin/ios`)
  - MoyoungSharedFrameworks
  - path_provider_foundation (from `.symlinks/plugins/path_provider_foundation/darwin`)
  - permission_handler_apple (from `.symlinks/plugins/permission_handler_apple/ios`)
  - shared_preferences_foundation (from `.symlinks/plugins/shared_preferences_foundation/darwin`)

SPEC REPOS:
  trunk:
    - MoyoungSharedFrameworks

EXTERNAL SOURCES:
  Flutter:
    :path: Flutter
  flutter_contacts:
    :path: ".symlinks/plugins/flutter_contacts/ios"
  flutter_foreground_task:
    :path: ".symlinks/plugins/flutter_foreground_task/ios"
  fluttertoast:
    :path: ".symlinks/plugins/fluttertoast/ios"
  HandyJSON:
    :git: https://github.com/Miles-Matheson/HandyJSON.git
  moyoung_ble_plugin:
    :path: ".symlinks/plugins/moyoung_ble_plugin/ios"
  path_provider_foundation:
    :path: ".symlinks/plugins/path_provider_foundation/darwin"
  permission_handler_apple:
    :path: ".symlinks/plugins/permission_handler_apple/ios"
  shared_preferences_foundation:
    :path: ".symlinks/plugins/shared_preferences_foundation/darwin"

CHECKOUT OPTIONS:
  HandyJSON:
    :commit: de8a7126d2270da55cea3cb45dadffcfd002dbbe
    :git: https://github.com/Miles-Matheson/HandyJSON.git

SPEC CHECKSUMS:
  Flutter: cabc95a1d2626b1b06e7179b784ebcf0c0cde467
  flutter_contacts: edb1c5ce76aa433e20e6cb14c615f4c0b66e0983
  flutter_foreground_task: 21ef182ab0a29a3005cc72cd70e5f45cb7f7f817
  fluttertoast: 21eecd6935e7064cc1fcb733a4c5a428f3f24f0f
  HandyJSON: a9c67202df97805a0ba4a00e30b50e9a30ac28f3
  moyoung_ble_plugin: 5efdcd9b1576d968733d795abc8fda95e81c5130
  MoyoungSharedFrameworks: ec55bc069197b5527077b79634bbb53c5fd533ac
  path_provider_foundation: 2b6b4c569c0fb62ec74538f866245ac84301af46
  permission_handler_apple: 9878588469a2b0d0fc1e048d9f43605f92e6cec2
  shared_preferences_foundation: fcdcbc04712aee1108ac7fda236f363274528f78

PODFILE CHECKSUM: 19e31a57cfe050008618807d8a95237db98e0bd4

COCOAPODS: 1.16.2
