PODS:
  - Flutter (1.0.0)
  - flutter_contacts (0.0.1):
    - Flutter
  - moyoung_ble_plugin (1.0.4):
    - Flutter
  - path_provider_ios (0.0.1):
    - Flutter
  - "permission_handler (5.1.0+2)":
    - Flutter

DEPENDENCIES:
  - Flutter (from `Flutter`)
  - flutter_contacts (from `.symlinks/plugins/flutter_contacts/ios`)
  - moyoung_ble_plugin (from `.symlinks/plugins/moyoung_ble_plugin/ios`)
  - path_provider_ios (from `.symlinks/plugins/path_provider_ios/ios`)
  - permission_handler (from `.symlinks/plugins/permission_handler/ios`)

EXTERNAL SOURCES:
  Flutter:
    :path: Flutter
  flutter_contacts:
    :path: ".symlinks/plugins/flutter_contacts/ios"
  moyoung_ble_plugin:
    :path: ".symlinks/plugins/moyoung_ble_plugin/ios"
  path_provider_ios:
    :path: ".symlinks/plugins/path_provider_ios/ios"
  permission_handler:
    :path: ".symlinks/plugins/permission_handler/ios"

SPEC CHECKSUMS:
  Flutter: 50d75fe2f02b26cc09d224853bb45737f8b3214a
  flutter_contacts: edb1c5ce76aa433e20e6cb14c615f4c0b66e0983
  moyoung_ble_plugin: eac11ca8cc4c7233bd25d6dd42a454938cc63efc
  path_provider_ios: 14f3d2fd28c4fdb42f44e0f751d12861c43cee02
  permission_handler: ccb20a9fad0ee9b1314a52b70b76b473c5f8dab0

PODFILE CHECKSUM: c86108f4adfb0fc291edabd5199bb2eb535abcc6

COCOAPODS: 1.11.3
